
Microsoft Visual Studio Solution File, Format Version 12.00
# Visual Studio Version 16
VisualStudioVersion = 16.0.31005.135
MinimumVisualStudioVersion = 10.0.40219.1
Project("{9A19103F-16F7-4668-BE54-9A1E7A4F7556}") = "MyMoneySolution", "MyMoneySolution\MyMoneySolution.csproj", "{3A2B7111-D6FC-459C-8970-21ACAF8FCAF1}"
EndProject
Project("{9A19103F-16F7-4668-BE54-9A1E7A4F7556}") = "FactoryTests", "FactoryTests\FactoryTests.csproj", "{4BABC118-B0BA-4948-A7FC-3ABF6B44F855}"
EndProject
Global
	GlobalSection(SolutionConfigurationPlatforms) = preSolution
		Debug|Any CPU = Debug|Any CPU
		Release|Any CPU = Release|Any CPU
	EndGlobalSection
	GlobalSection(ProjectConfigurationPlatforms) = postSolution
		{3A2B7111-D6FC-459C-8970-21ACAF8FCAF1}.Debug|Any CPU.ActiveCfg = Debug|Any CPU
		{3A2B7111-D6FC-459C-8970-21ACAF8FCAF1}.Debug|Any CPU.Build.0 = Debug|Any CPU
		{3A2B7111-D6FC-459C-8970-21ACAF8FCAF1}.Release|Any CPU.ActiveCfg = Release|Any CPU
		{3A2B7111-D6FC-459C-8970-21ACAF8FCAF1}.Release|Any CPU.Build.0 = Release|Any CPU
		{4BABC118-B0BA-4948-A7FC-3ABF6B44F855}.Debug|Any CPU.ActiveCfg = Debug|Any CPU
		{4BABC118-B0BA-4948-A7FC-3ABF6B44F855}.Debug|Any CPU.Build.0 = Debug|Any CPU
		{4BABC118-B0BA-4948-A7FC-3ABF6B44F855}.Release|Any CPU.ActiveCfg = Release|Any CPU
		{4BABC118-B0BA-4948-A7FC-3ABF6B44F855}.Release|Any CPU.Build.0 = Release|Any CPU
	EndGlobalSection
	GlobalSection(SolutionProperties) = preSolution
		HideSolutionNode = FALSE
	EndGlobalSection
	GlobalSection(ExtensibilityGlobals) = postSolution
		SolutionGuid = {F16E5AA6-2B97-4CEE-96F4-61A845BA5B57}
	EndGlobalSection
EndGlobal
